
Microsoft Visual Studio Solution File, Format Version 12.00
# Visual Studio Version 16
VisualStudioVersion = 16.0.30611.23
MinimumVisualStudioVersion = 10.0.40219.1
Project("{FAE04EC0-301F-11D3-BF4B-00C04F79EFBC}") = "inlRefakto", "inlRefakto.csproj", "{A8735863-9017-481B-A059-E1340D2A9B35}"
EndProject
Project("{FAE04EC0-301F-11D3-BF4B-00C04F79EFBC}") = "testing55", "..\testing55\testing55.csproj", "{FA2E98CA-1E6D-4FEC-85B1-278881BEF599}"
EndProject
Global
	GlobalSection(SolutionConfigurationPlatforms) = preSolution
		Debug|Any CPU = Debug|Any CPU
		Release|Any CPU = Release|Any CPU
	EndGlobalSection
	GlobalSection(ProjectConfigurationPlatforms) = postSolution
		{A8735863-9017-481B-A059-E1340D2A9B35}.Debug|Any CPU.ActiveCfg = Debug|Any CPU
		{A8735863-9017-481B-A059-E1340D2A9B35}.Debug|Any CPU.Build.0 = Debug|Any CPU
		{A8735863-9017-481B-A059-E1340D2A9B35}.Release|Any CPU.ActiveCfg = Release|Any CPU
		{A8735863-9017-481B-A059-E1340D2A9B35}.Release|Any CPU.Build.0 = Release|Any CPU
		{FA2E98CA-1E6D-4FEC-85B1-278881BEF599}.Debug|Any CPU.ActiveCfg = Debug|Any CPU
		{FA2E98CA-1E6D-4FEC-85B1-278881BEF599}.Debug|Any CPU.Build.0 = Debug|Any CPU
		{FA2E98CA-1E6D-4FEC-85B1-278881BEF599}.Release|Any CPU.ActiveCfg = Release|Any CPU
		{FA2E98CA-1E6D-4FEC-85B1-278881BEF599}.Release|Any CPU.Build.0 = Release|Any CPU
	EndGlobalSection
	GlobalSection(SolutionProperties) = preSolution
		HideSolutionNode = FALSE
	EndGlobalSection
	GlobalSection(ExtensibilityGlobals) = postSolution
		SolutionGuid = {6BA1FC26-6FEE-48F8-A0D3-D7028890AC7A}
	EndGlobalSection
EndGlobal
